// !$*UTF8*$!
{
	archiveVersion = 1;
	classes = {
	};
	objectVersion = 46;
	objects = {

/* Begin PBXBuildFile section */
		BB6BB3F21B3941B60089BB7A /* LeftVC.m in Sources */ = {isa = PBXBuildFile; fileRef = BB6BB3F11B3941B60089BB7A /* LeftVC.m */; };
		BB9530171B32788800CFC0B8 /* RootVC.m in Sources */ = {isa = PBXBuildFile; fileRef = BB9530161B32788800CFC0B8 /* RootVC.m */; };
		BB95301A1B3279F000CFC0B8 /* GDFBaseVC.m in Sources */ = {isa = PBXBuildFile; fileRef = BB9530191B3279F000CFC0B8 /* GDFBaseVC.m */; };
		BB95301C1B32A1E700CFC0B8 /* title_bar_add@2x.png in Resources */ = {isa = PBXBuildFile; fileRef = BB95301B1B32A1E700CFC0B8 /* title_bar_add@2x.png */; };
		BB9530241B33C93D00CFC0B8 /* GDFSlideController.m in Sources */ = {isa = PBXBuildFile; fileRef = BB9530231B33C93D00CFC0B8 /* GDFSlideController.m */; };
		BB9F69561B2EB311000C3EB5 /* main.m in Sources */ = {isa = PBXBuildFile; fileRef = BB9F69551B2EB311000C3EB5 /* main.m */; };
		BB9F69591B2EB311000C3EB5 /* AppDelegate.mm in Sources */ = {isa = PBXBuildFile; fileRef = BB9F69581B2EB311000C3EB5 /* AppDelegate.mm */; };
		BB9F69611B2EB311000C3EB5 /* Assets.xcassets in Resources */ = {isa = PBXBuildFile; fileRef = BB9F69601B2EB311000C3EB5 /* Assets.xcassets */; };
		BB9F698D1B2EBBC9000C3EB5 /* UIKit.framework in Frameworks */ = {isa = PBXBuildFile; fileRef = BB9F698C1B2EBBC9000C3EB5 /* UIKit.framework */; };
		BB9F698F1B2EBBD3000C3EB5 /* Foundation.framework in Frameworks */ = {isa = PBXBuildFile; fileRef = BB9F698E1B2EBBD3000C3EB5 /* Foundation.framework */; };
		BB9F69911B2EBBDA000C3EB5 /* CoreGraphics.framework in Frameworks */ = {isa = PBXBuildFile; fileRef = BB9F69901B2EBBDA000C3EB5 /* CoreGraphics.framework */; };
		BB9F69931B2EBBE1000C3EB5 /* QuartzCore.framework in Frameworks */ = {isa = PBXBuildFile; fileRef = BB9F69921B2EBBE1000C3EB5 /* QuartzCore.framework */; };
		BB9F69951B2EBBE7000C3EB5 /* OpenGLES.framework in Frameworks */ = {isa = PBXBuildFile; fileRef = BB9F69941B2EBBE7000C3EB5 /* OpenGLES.framework */; };
		BB9F69971B2EBBED000C3EB5 /* CoreLocation.framework in Frameworks */ = {isa = PBXBuildFile; fileRef = BB9F69961B2EBBED000C3EB5 /* CoreLocation.framework */; };
		BB9F69991B2EBC01000C3EB5 /* CoreTelephony.framework in Frameworks */ = {isa = PBXBuildFile; fileRef = BB9F69981B2EBC01000C3EB5 /* CoreTelephony.framework */; };
		BB9F699B1B2EBC09000C3EB5 /* SystemConfiguration.framework in Frameworks */ = {isa = PBXBuildFile; fileRef = BB9F699A1B2EBC09000C3EB5 /* SystemConfiguration.framework */; };
		BB9F699F1B2EBC2B000C3EB5 /* Security.framework in Frameworks */ = {isa = PBXBuildFile; fileRef = BB9F699E1B2EBC2B000C3EB5 /* Security.framework */; };
		BB9F69A11B2EBF54000C3EB5 /* libz.dylib in Frameworks */ = {isa = PBXBuildFile; fileRef = BB9F69A01B2EBF54000C3EB5 /* libz.dylib */; };
		BB9F69A31B2EC94B000C3EB5 /* libstdc++.6.0.9.dylib in Frameworks */ = {isa = PBXBuildFile; fileRef = BB9F69A21B2EC94B000C3EB5 /* libstdc++.6.0.9.dylib */; };
		BB9F69A91B316FF2000C3EB5 /* GDFSearchBar.m in Sources */ = {isa = PBXBuildFile; fileRef = BB9F69A81B316FF2000C3EB5 /* GDFSearchBar.m */; };
		BB9F69B51B3181B4000C3EB5 /* NavBarIconSearch_blue.png in Resources */ = {isa = PBXBuildFile; fileRef = BB9F69AB1B3181B4000C3EB5 /* NavBarIconSearch_blue.png */; };
		BB9F69B61B3181B4000C3EB5 /* NavBarIconSearch_blue@2x.png in Resources */ = {isa = PBXBuildFile; fileRef = BB9F69AC1B3181B4000C3EB5 /* NavBarIconSearch_blue@2x.png */; };
		BB9F69B71B3181B4000C3EB5 /* NavBarIconSearch_white.png in Resources */ = {isa = PBXBuildFile; fileRef = BB9F69AD1B3181B4000C3EB5 /* NavBarIconSearch_white.png */; };
		BB9F69B81B3181B4000C3EB5 /* NavBarIconSearch_white@2x.png in Resources */ = {isa = PBXBuildFile; fileRef = BB9F69AE1B3181B4000C3EB5 /* NavBarIconSearch_white@2x.png */; };
		BB9F69B91B3181B4000C3EB5 /* NavBarIconSearchBar2_blue.png in Resources */ = {isa = PBXBuildFile; fileRef = BB9F69AF1B3181B4000C3EB5 /* NavBarIconSearchBar2_blue.png */; };
		BB9F69BA1B3181B4000C3EB5 /* NavBarIconSearchBar2_blue@2x.png in Resources */ = {isa = PBXBuildFile; fileRef = BB9F69B01B3181B4000C3EB5 /* NavBarIconSearchBar2_blue@2x.png */; };
		BB9F69BB1B3181B4000C3EB5 /* NavBarIconSearchBar_blue.png in Resources */ = {isa = PBXBuildFile; fileRef = BB9F69B11B3181B4000C3EB5 /* NavBarIconSearchBar_blue.png */; };
		BB9F69BC1B3181B4000C3EB5 /* NavBarIconSearchBar_blue@2x.png in Resources */ = {isa = PBXBuildFile; fileRef = BB9F69B21B3181B4000C3EB5 /* NavBarIconSearchBar_blue@2x.png */; };
		BB9F69BD1B3181B4000C3EB5 /* NavBarIconSearchCircle_blue.png in Resources */ = {isa = PBXBuildFile; fileRef = BB9F69B31B3181B4000C3EB5 /* NavBarIconSearchCircle_blue.png */; };
		BB9F69BE1B3181B4000C3EB5 /* NavBarIconSearchCircle_blue@2x.png in Resources */ = {isa = PBXBuildFile; fileRef = BB9F69B41B3181B4000C3EB5 /* NavBarIconSearchCircle_blue@2x.png */; };
		BBB67FB61B4E623100A99B7C /* BDMapVC.m in Sources */ = {isa = PBXBuildFile; fileRef = BBB67FB51B4E623100A99B7C /* BDMapVC.m */; };
		BBB67FB91B4E641400A99B7C /* BaiduMapAPI.framework in Frameworks */ = {isa = PBXBuildFile; fileRef = BBB67FB81B4E641400A99B7C /* BaiduMapAPI.framework */; };
		BBB67FBE1B4E656300A99B7C /* mapapi.bundle in Resources */ = {isa = PBXBuildFile; fileRef = BBB67FBD1B4E656300A99B7C /* mapapi.bundle */; };
		BBD75FA41B3C0F8B002B0E73 /* ViewController.m in Sources */ = {isa = PBXBuildFile; fileRef = BBD75FA31B3C0F8B002B0E73 /* ViewController.m */; };
		BBD75FA71B3CFF94002B0E73 /* UIView+MaterialDesign.m in Sources */ = {isa = PBXBuildFile; fileRef = BBD75FA61B3CFF94002B0E73 /* UIView+MaterialDesign.m */; };
		BBD75FAA1B3D018D002B0E73 /* UIImageView+LBBlurredImage.m in Sources */ = {isa = PBXBuildFile; fileRef = BBD75FA91B3D018D002B0E73 /* UIImageView+LBBlurredImage.m */; };
		BBD75FAC1B3D0244002B0E73 /* example.png in Resources */ = {isa = PBXBuildFile; fileRef = BBD75FAB1B3D0244002B0E73 /* example.png */; };
		D7B20F3D1B3AF26E00AECD72 /* TableViewCell.m in Sources */ = {isa = PBXBuildFile; fileRef = D7B20F3C1B3AF26E00AECD72 /* TableViewCell.m */; };
/* End PBXBuildFile section */

/* Begin PBXFileReference section */
		BB6BB3F01B3941B60089BB7A /* LeftVC.h */ = {isa = PBXFileReference; fileEncoding = 4; lastKnownFileType = sourcecode.c.h; path = LeftVC.h; sourceTree = "<group>"; };
		BB6BB3F11B3941B60089BB7A /* LeftVC.m */ = {isa = PBXFileReference; fileEncoding = 4; lastKnownFileType = sourcecode.c.objc; path = LeftVC.m; sourceTree = "<group>"; };
		BB6BB3F31B3941F70089BB7A /* GDF.pch */ = {isa = PBXFileReference; fileEncoding = 4; lastKnownFileType = sourcecode.c.h; path = GDF.pch; sourceTree = "<group>"; };
		BB9530151B32788800CFC0B8 /* RootVC.h */ = {isa = PBXFileReference; fileEncoding = 4; lastKnownFileType = sourcecode.c.h; path = RootVC.h; sourceTree = "<group>"; };
		BB9530161B32788800CFC0B8 /* RootVC.m */ = {isa = PBXFileReference; fileEncoding = 4; lastKnownFileType = sourcecode.c.objc; path = RootVC.m; sourceTree = "<group>"; };
		BB9530181B3279F000CFC0B8 /* GDFBaseVC.h */ = {isa = PBXFileReference; fileEncoding = 4; lastKnownFileType = sourcecode.c.h; path = GDFBaseVC.h; sourceTree = "<group>"; };
		BB9530191B3279F000CFC0B8 /* GDFBaseVC.m */ = {isa = PBXFileReference; fileEncoding = 4; lastKnownFileType = sourcecode.c.objc; path = GDFBaseVC.m; sourceTree = "<group>"; };
		BB95301B1B32A1E700CFC0B8 /* title_bar_add@2x.png */ = {isa = PBXFileReference; lastKnownFileType = image.png; path = "title_bar_add@2x.png"; sourceTree = "<group>"; };
		BB9530221B33C93D00CFC0B8 /* GDFSlideController.h */ = {isa = PBXFileReference; fileEncoding = 4; lastKnownFileType = sourcecode.c.h; path = GDFSlideController.h; sourceTree = "<group>"; };
		BB9530231B33C93D00CFC0B8 /* GDFSlideController.m */ = {isa = PBXFileReference; fileEncoding = 4; lastKnownFileType = sourcecode.c.objc; path = GDFSlideController.m; sourceTree = "<group>"; };
		BB9F69511B2EB311000C3EB5 /* GDFamily.app */ = {isa = PBXFileReference; explicitFileType = wrapper.application; includeInIndex = 0; path = GDFamily.app; sourceTree = BUILT_PRODUCTS_DIR; };
		BB9F69551B2EB311000C3EB5 /* main.m */ = {isa = PBXFileReference; lastKnownFileType = sourcecode.c.objc; path = main.m; sourceTree = "<group>"; };
		BB9F69571B2EB311000C3EB5 /* AppDelegate.h */ = {isa = PBXFileReference; lastKnownFileType = sourcecode.c.h; path = AppDelegate.h; sourceTree = "<group>"; };
		BB9F69581B2EB311000C3EB5 /* AppDelegate.mm */ = {isa = PBXFileReference; lastKnownFileType = sourcecode.cpp.objcpp; path = AppDelegate.mm; sourceTree = "<group>"; };
		BB9F69601B2EB311000C3EB5 /* Assets.xcassets */ = {isa = PBXFileReference; lastKnownFileType = folder.assetcatalog; path = Assets.xcassets; sourceTree = "<group>"; };
		BB9F69651B2EB311000C3EB5 /* Info.plist */ = {isa = PBXFileReference; lastKnownFileType = text.plist.xml; path = Info.plist; sourceTree = "<group>"; };
		BB9F698C1B2EBBC9000C3EB5 /* UIKit.framework */ = {isa = PBXFileReference; lastKnownFileType = wrapper.framework; name = UIKit.framework; path = System/Library/Frameworks/UIKit.framework; sourceTree = SDKROOT; };
		BB9F698E1B2EBBD3000C3EB5 /* Foundation.framework */ = {isa = PBXFileReference; lastKnownFileType = wrapper.framework; name = Foundation.framework; path = System/Library/Frameworks/Foundation.framework; sourceTree = SDKROOT; };
		BB9F69901B2EBBDA000C3EB5 /* CoreGraphics.framework */ = {isa = PBXFileReference; lastKnownFileType = wrapper.framework; name = CoreGraphics.framework; path = System/Library/Frameworks/CoreGraphics.framework; sourceTree = SDKROOT; };
		BB9F69921B2EBBE1000C3EB5 /* QuartzCore.framework */ = {isa = PBXFileReference; lastKnownFileType = wrapper.framework; name = QuartzCore.framework; path = System/Library/Frameworks/QuartzCore.framework; sourceTree = SDKROOT; };
		BB9F69941B2EBBE7000C3EB5 /* OpenGLES.framework */ = {isa = PBXFileReference; lastKnownFileType = wrapper.framework; name = OpenGLES.framework; path = System/Library/Frameworks/OpenGLES.framework; sourceTree = SDKROOT; };
		BB9F69961B2EBBED000C3EB5 /* CoreLocation.framework */ = {isa = PBXFileReference; lastKnownFileType = wrapper.framework; name = CoreLocation.framework; path = System/Library/Frameworks/CoreLocation.framework; sourceTree = SDKROOT; };
		BB9F69981B2EBC01000C3EB5 /* CoreTelephony.framework */ = {isa = PBXFileReference; lastKnownFileType = wrapper.framework; name = CoreTelephony.framework; path = System/Library/Frameworks/CoreTelephony.framework; sourceTree = SDKROOT; };
		BB9F699A1B2EBC09000C3EB5 /* SystemConfiguration.framework */ = {isa = PBXFileReference; lastKnownFileType = wrapper.framework; name = SystemConfiguration.framework; path = System/Library/Frameworks/SystemConfiguration.framework; sourceTree = SDKROOT; };
		BB9F699C1B2EBC25000C3EB5 /* libstdc++.6.0.9.tbd */ = {isa = PBXFileReference; lastKnownFileType = text; name = "libstdc++.6.0.9.tbd"; path = "usr/lib/libstdc++.6.0.9.tbd"; sourceTree = SDKROOT; };
		BB9F699E1B2EBC2B000C3EB5 /* Security.framework */ = {isa = PBXFileReference; lastKnownFileType = wrapper.framework; name = Security.framework; path = System/Library/Frameworks/Security.framework; sourceTree = SDKROOT; };
		BB9F69A01B2EBF54000C3EB5 /* libz.dylib */ = {isa = PBXFileReference; lastKnownFileType = "compiled.mach-o.dylib"; name = libz.dylib; path = /usr/lib/libz.dylib; sourceTree = "<absolute>"; };
		BB9F69A21B2EC94B000C3EB5 /* libstdc++.6.0.9.dylib */ = {isa = PBXFileReference; lastKnownFileType = "compiled.mach-o.dylib"; name = "libstdc++.6.0.9.dylib"; path = "/usr/lib/libstdc++.6.0.9.dylib"; sourceTree = "<absolute>"; };
		BB9F69A71B316FF2000C3EB5 /* GDFSearchBar.h */ = {isa = PBXFileReference; fileEncoding = 4; lastKnownFileType = sourcecode.c.h; path = GDFSearchBar.h; sourceTree = "<group>"; };
		BB9F69A81B316FF2000C3EB5 /* GDFSearchBar.m */ = {isa = PBXFileReference; fileEncoding = 4; lastKnownFileType = sourcecode.c.objc; path = GDFSearchBar.m; sourceTree = "<group>"; };
		BB9F69AB1B3181B4000C3EB5 /* NavBarIconSearch_blue.png */ = {isa = PBXFileReference; lastKnownFileType = image.png; path = NavBarIconSearch_blue.png; sourceTree = "<group>"; };
		BB9F69AC1B3181B4000C3EB5 /* NavBarIconSearch_blue@2x.png */ = {isa = PBXFileReference; lastKnownFileType = image.png; path = "NavBarIconSearch_blue@2x.png"; sourceTree = "<group>"; };
		BB9F69AD1B3181B4000C3EB5 /* NavBarIconSearch_white.png */ = {isa = PBXFileReference; lastKnownFileType = image.png; path = NavBarIconSearch_white.png; sourceTree = "<group>"; };
		BB9F69AE1B3181B4000C3EB5 /* NavBarIconSearch_white@2x.png */ = {isa = PBXFileReference; lastKnownFileType = image.png; path = "NavBarIconSearch_white@2x.png"; sourceTree = "<group>"; };
		BB9F69AF1B3181B4000C3EB5 /* NavBarIconSearchBar2_blue.png */ = {isa = PBXFileReference; lastKnownFileType = image.png; path = NavBarIconSearchBar2_blue.png; sourceTree = "<group>"; };
		BB9F69B01B3181B4000C3EB5 /* NavBarIconSearchBar2_blue@2x.png */ = {isa = PBXFileReference; lastKnownFileType = image.png; path = "NavBarIconSearchBar2_blue@2x.png"; sourceTree = "<group>"; };
		BB9F69B11B3181B4000C3EB5 /* NavBarIconSearchBar_blue.png */ = {isa = PBXFileReference; lastKnownFileType = image.png; path = NavBarIconSearchBar_blue.png; sourceTree = "<group>"; };
		BB9F69B21B3181B4000C3EB5 /* NavBarIconSearchBar_blue@2x.png */ = {isa = PBXFileReference; lastKnownFileType = image.png; path = "NavBarIconSearchBar_blue@2x.png"; sourceTree = "<group>"; };
		BB9F69B31B3181B4000C3EB5 /* NavBarIconSearchCircle_blue.png */ = {isa = PBXFileReference; lastKnownFileType = image.png; path = NavBarIconSearchCircle_blue.png; sourceTree = "<group>"; };
		BB9F69B41B3181B4000C3EB5 /* NavBarIconSearchCircle_blue@2x.png */ = {isa = PBXFileReference; lastKnownFileType = image.png; path = "NavBarIconSearchCircle_blue@2x.png"; sourceTree = "<group>"; };
		BBB67FB41B4E623100A99B7C /* BDMapVC.h */ = {isa = PBXFileReference; fileEncoding = 4; lastKnownFileType = sourcecode.c.h; path = BDMapVC.h; sourceTree = "<group>"; };
		BBB67FB51B4E623100A99B7C /* BDMapVC.m */ = {isa = PBXFileReference; fileEncoding = 4; lastKnownFileType = sourcecode.c.objc; path = BDMapVC.m; sourceTree = "<group>"; };
		BBB67FB81B4E641400A99B7C /* BaiduMapAPI.framework */ = {isa = PBXFileReference; lastKnownFileType = wrapper.framework; path = BaiduMapAPI.framework; sourceTree = "<group>"; };
		BBB67FBD1B4E656300A99B7C /* mapapi.bundle */ = {isa = PBXFileReference; lastKnownFileType = "wrapper.plug-in"; name = mapapi.bundle; path = BaiduMapAPI.framework/Resources/mapapi.bundle; sourceTree = "<group>"; };
		BBD75FA21B3C0F8B002B0E73 /* ViewController.h */ = {isa = PBXFileReference; fileEncoding = 4; lastKnownFileType = sourcecode.c.h; path = ViewController.h; sourceTree = "<group>"; };
		BBD75FA31B3C0F8B002B0E73 /* ViewController.m */ = {isa = PBXFileReference; fileEncoding = 4; lastKnownFileType = sourcecode.c.objc; path = ViewController.m; sourceTree = "<group>"; };
		BBD75FA51B3CFF94002B0E73 /* UIView+MaterialDesign.h */ = {isa = PBXFileReference; fileEncoding = 4; lastKnownFileType = sourcecode.c.h; path = "UIView+MaterialDesign.h"; sourceTree = "<group>"; };
		BBD75FA61B3CFF94002B0E73 /* UIView+MaterialDesign.m */ = {isa = PBXFileReference; fileEncoding = 4; lastKnownFileType = sourcecode.c.objc; path = "UIView+MaterialDesign.m"; sourceTree = "<group>"; };
		BBD75FA81B3D018D002B0E73 /* UIImageView+LBBlurredImage.h */ = {isa = PBXFileReference; fileEncoding = 4; lastKnownFileType = sourcecode.c.h; path = "UIImageView+LBBlurredImage.h"; sourceTree = "<group>"; };
		BBD75FA91B3D018D002B0E73 /* UIImageView+LBBlurredImage.m */ = {isa = PBXFileReference; fileEncoding = 4; lastKnownFileType = sourcecode.c.objc; path = "UIImageView+LBBlurredImage.m"; sourceTree = "<group>"; };
		BBD75FAB1B3D0244002B0E73 /* example.png */ = {isa = PBXFileReference; lastKnownFileType = image.png; path = example.png; sourceTree = "<group>"; };
		D7B20F3B1B3AF26E00AECD72 /* TableViewCell.h */ = {isa = PBXFileReference; fileEncoding = 4; lastKnownFileType = sourcecode.c.h; path = TableViewCell.h; sourceTree = "<group>"; };
		D7B20F3C1B3AF26E00AECD72 /* TableViewCell.m */ = {isa = PBXFileReference; fileEncoding = 4; lastKnownFileType = sourcecode.c.objc; path = TableViewCell.m; sourceTree = "<group>"; };
/* End PBXFileReference section */

/* Begin PBXFrameworksBuildPhase section */
		BB9F694E1B2EB311000C3EB5 /* Frameworks */ = {
			isa = PBXFrameworksBuildPhase;
			buildActionMask = 2147483647;
			files = (
				BB9F699F1B2EBC2B000C3EB5 /* Security.framework in Frameworks */,
				BB9F699B1B2EBC09000C3EB5 /* SystemConfiguration.framework in Frameworks */,
				BBB67FB91B4E641400A99B7C /* BaiduMapAPI.framework in Frameworks */,
				BB9F69991B2EBC01000C3EB5 /* CoreTelephony.framework in Frameworks */,
				BB9F69971B2EBBED000C3EB5 /* CoreLocation.framework in Frameworks */,
				BB9F69A11B2EBF54000C3EB5 /* libz.dylib in Frameworks */,
				BB9F69951B2EBBE7000C3EB5 /* OpenGLES.framework in Frameworks */,
				BB9F69A31B2EC94B000C3EB5 /* libstdc++.6.0.9.dylib in Frameworks */,
				BB9F69931B2EBBE1000C3EB5 /* QuartzCore.framework in Frameworks */,
				BB9F69911B2EBBDA000C3EB5 /* CoreGraphics.framework in Frameworks */,
				BB9F698F1B2EBBD3000C3EB5 /* Foundation.framework in Frameworks */,
				BB9F698D1B2EBBC9000C3EB5 /* UIKit.framework in Frameworks */,
			);
			runOnlyForDeploymentPostprocessing = 0;
		};
/* End PBXFrameworksBuildPhase section */

/* Begin PBXGroup section */
		BB9530131B32764C00CFC0B8 /* Framework&bundle */ = {
			isa = PBXGroup;
			children = (
				BBB67FB71B4E641400A99B7C /* Frameworks&Bundles */,
				BB9F69A21B2EC94B000C3EB5 /* libstdc++.6.0.9.dylib */,
				BB9F69A01B2EBF54000C3EB5 /* libz.dylib */,
				BB9F699E1B2EBC2B000C3EB5 /* Security.framework */,
				BB9F699C1B2EBC25000C3EB5 /* libstdc++.6.0.9.tbd */,
				BB9F699A1B2EBC09000C3EB5 /* SystemConfiguration.framework */,
				BB9F69981B2EBC01000C3EB5 /* CoreTelephony.framework */,
				BB9F69961B2EBBED000C3EB5 /* CoreLocation.framework */,
				BB9F69941B2EBBE7000C3EB5 /* OpenGLES.framework */,
				BB9F69921B2EBBE1000C3EB5 /* QuartzCore.framework */,
				BB9F69901B2EBBDA000C3EB5 /* CoreGraphics.framework */,
				BB9F698E1B2EBBD3000C3EB5 /* Foundation.framework */,
				BB9F698C1B2EBBC9000C3EB5 /* UIKit.framework */,
			);
			name = "Framework&bundle";
			sourceTree = "<group>";
		};
		BB9530141B32786A00CFC0B8 /* ViewController */ = {
			isa = PBXGroup;
			children = (
				BB9530181B3279F000CFC0B8 /* GDFBaseVC.h */,
				BB9530191B3279F000CFC0B8 /* GDFBaseVC.m */,
				BB9530151B32788800CFC0B8 /* RootVC.h */,
				BB9530161B32788800CFC0B8 /* RootVC.m */,
				BB6BB3F01B3941B60089BB7A /* LeftVC.h */,
				BB6BB3F11B3941B60089BB7A /* LeftVC.m */,
				D7B20F3B1B3AF26E00AECD72 /* TableViewCell.h */,
				D7B20F3C1B3AF26E00AECD72 /* TableViewCell.m */,
				BBD75FA21B3C0F8B002B0E73 /* ViewController.h */,
				BBD75FA31B3C0F8B002B0E73 /* ViewController.m */,
				BBB67FB41B4E623100A99B7C /* BDMapVC.h */,
				BBB67FB51B4E623100A99B7C /* BDMapVC.m */,
			);
			path = ViewController;
			sourceTree = "<group>";
		};
		BB9F69481B2EB311000C3EB5 = {
			isa = PBXGroup;
			children = (
				BB9F69AA1B3181B4000C3EB5 /* images */,
				BB9530141B32786A00CFC0B8 /* ViewController */,
				BB9F69A61B316FBF000C3EB5 /* unitView */,
				BB9F69531B2EB311000C3EB5 /* GDFamily */,
				BB9530131B32764C00CFC0B8 /* Framework&bundle */,
				BB9F69521B2EB311000C3EB5 /* Products */,
			);
			sourceTree = "<group>";
		};
		BB9F69521B2EB311000C3EB5 /* Products */ = {
			isa = PBXGroup;
			children = (
				BB9F69511B2EB311000C3EB5 /* GDFamily.app */,
			);
			name = Products;
			sourceTree = "<group>";
		};
		BB9F69531B2EB311000C3EB5 /* GDFamily */ = {
			isa = PBXGroup;
			children = (
				BB9F69571B2EB311000C3EB5 /* AppDelegate.h */,
				BB9F69581B2EB311000C3EB5 /* AppDelegate.mm */,
				BB9F69601B2EB311000C3EB5 /* Assets.xcassets */,
				BB9F69651B2EB311000C3EB5 /* Info.plist */,
				BB9F69541B2EB311000C3EB5 /* Supporting Files */,
			);
			path = GDFamily;
			sourceTree = "<group>";
		};
		BB9F69541B2EB311000C3EB5 /* Supporting Files */ = {
			isa = PBXGroup;
			children = (
				BB9F69551B2EB311000C3EB5 /* main.m */,
				BB6BB3F31B3941F70089BB7A /* GDF.pch */,
			);
			name = "Supporting Files";
			sourceTree = "<group>";
		};
		BB9F69A61B316FBF000C3EB5 /* unitView */ = {
			isa = PBXGroup;
			children = (
				BBD75FA81B3D018D002B0E73 /* UIImageView+LBBlurredImage.h */,
				BBD75FA91B3D018D002B0E73 /* UIImageView+LBBlurredImage.m */,
				BBD75FA51B3CFF94002B0E73 /* UIView+MaterialDesign.h */,
				BBD75FA61B3CFF94002B0E73 /* UIView+MaterialDesign.m */,
				BB9F69A71B316FF2000C3EB5 /* GDFSearchBar.h */,
				BB9F69A81B316FF2000C3EB5 /* GDFSearchBar.m */,
				BB9530221B33C93D00CFC0B8 /* GDFSlideController.h */,
				BB9530231B33C93D00CFC0B8 /* GDFSlideController.m */,
			);
			name = unitView;
			path = View;
			sourceTree = "<group>";
		};
		BB9F69AA1B3181B4000C3EB5 /* images */ = {
			isa = PBXGroup;
			children = (
				BBD75FAB1B3D0244002B0E73 /* example.png */,
				BB95301B1B32A1E700CFC0B8 /* title_bar_add@2x.png */,
				BB9F69AB1B3181B4000C3EB5 /* NavBarIconSearch_blue.png */,
				BB9F69AC1B3181B4000C3EB5 /* NavBarIconSearch_blue@2x.png */,
				BB9F69AD1B3181B4000C3EB5 /* NavBarIconSearch_white.png */,
				BB9F69AE1B3181B4000C3EB5 /* NavBarIconSearch_white@2x.png */,
				BB9F69AF1B3181B4000C3EB5 /* NavBarIconSearchBar2_blue.png */,
				BB9F69B01B3181B4000C3EB5 /* NavBarIconSearchBar2_blue@2x.png */,
				BB9F69B11B3181B4000C3EB5 /* NavBarIconSearchBar_blue.png */,
				BB9F69B21B3181B4000C3EB5 /* NavBarIconSearchBar_blue@2x.png */,
				BB9F69B31B3181B4000C3EB5 /* NavBarIconSearchCircle_blue.png */,
				BB9F69B41B3181B4000C3EB5 /* NavBarIconSearchCircle_blue@2x.png */,
			);
			path = images;
			sourceTree = "<group>";
		};
		BBB67FB71B4E641400A99B7C /* Frameworks&Bundles */ = {
			isa = PBXGroup;
			children = (
				BBB67FBD1B4E656300A99B7C /* mapapi.bundle */,
				BBB67FB81B4E641400A99B7C /* BaiduMapAPI.framework */,
			);
			path = "Frameworks&Bundles";
			sourceTree = "<group>";
		};
/* End PBXGroup section */

/* Begin PBXNativeTarget section */
		BB9F69501B2EB311000C3EB5 /* GDFamily */ = {
			isa = PBXNativeTarget;
			buildConfigurationList = BB9F697E1B2EB312000C3EB5 /* Build configuration list for PBXNativeTarget "GDFamily" */;
			buildPhases = (
				BB9F694D1B2EB311000C3EB5 /* Sources */,
				BB9F694E1B2EB311000C3EB5 /* Frameworks */,
				BB9F694F1B2EB311000C3EB5 /* Resources */,
			);
			buildRules = (
			);
			dependencies = (
			);
			name = GDFamily;
			productName = GDFamily;
			productReference = BB9F69511B2EB311000C3EB5 /* GDFamily.app */;
			productType = "com.apple.product-type.application";
		};
/* End PBXNativeTarget section */

/* Begin PBXProject section */
		BB9F69491B2EB311000C3EB5 /* Project object */ = {
			isa = PBXProject;
			attributes = {
				LastUpgradeCheck = 0700;
				ORGANIZATIONNAME = silverup.co;
				TargetAttributes = {
					BB9F69501B2EB311000C3EB5 = {
						CreatedOnToolsVersion = 7.0;
						SystemCapabilities = {
							com.apple.BackgroundModes = {
								enabled = 1;
							};
						};
					};
				};
			};
			buildConfigurationList = BB9F694C1B2EB311000C3EB5 /* Build configuration list for PBXProject "GDFamily" */;
			compatibilityVersion = "Xcode 3.2";
			developmentRegion = English;
			hasScannedForEncodings = 0;
			knownRegions = (
				en,
				Base,
			);
			mainGroup = BB9F69481B2EB311000C3EB5;
			productRefGroup = BB9F69521B2EB311000C3EB5 /* Products */;
			projectDirPath = "";
			projectRoot = "";
			targets = (
				BB9F69501B2EB311000C3EB5 /* GDFamily */,
			);
		};
/* End PBXProject section */

/* Begin PBXResourcesBuildPhase section */
		BB9F694F1B2EB311000C3EB5 /* Resources */ = {
			isa = PBXResourcesBuildPhase;
			buildActionMask = 2147483647;
			files = (
				BBD75FAC1B3D0244002B0E73 /* example.png in Resources */,
				BB9F69B61B3181B4000C3EB5 /* NavBarIconSearch_blue@2x.png in Resources */,
				BB9F69B91B3181B4000C3EB5 /* NavBarIconSearchBar2_blue.png in Resources */,
				BB95301C1B32A1E700CFC0B8 /* title_bar_add@2x.png in Resources */,
				BB9F69BD1B3181B4000C3EB5 /* NavBarIconSearchCircle_blue.png in Resources */,
				BB9F69B71B3181B4000C3EB5 /* NavBarIconSearch_white.png in Resources */,
				BB9F69B81B3181B4000C3EB5 /* NavBarIconSearch_white@2x.png in Resources */,
				BB9F69BC1B3181B4000C3EB5 /* NavBarIconSearchBar_blue@2x.png in Resources */,
				BB9F69BB1B3181B4000C3EB5 /* NavBarIconSearchBar_blue.png in Resources */,
				BB9F69BE1B3181B4000C3EB5 /* NavBarIconSearchCircle_blue@2x.png in Resources */,
				BB9F69BA1B3181B4000C3EB5 /* NavBarIconSearchBar2_blue@2x.png in Resources */,
				BB9F69B51B3181B4000C3EB5 /* NavBarIconSearch_blue.png in Resources */,
				BB9F69611B2EB311000C3EB5 /* Assets.xcassets in Resources */,
				BBB67FBE1B4E656300A99B7C /* mapapi.bundle in Resources */,
			);
			runOnlyForDeploymentPostprocessing = 0;
		};
/* End PBXResourcesBuildPhase section */

/* Begin PBXSourcesBuildPhase section */
		BB9F694D1B2EB311000C3EB5 /* Sources */ = {
			isa = PBXSourcesBuildPhase;
			buildActionMask = 2147483647;
			files = (
				BBD75FA41B3C0F8B002B0E73 /* ViewController.m in Sources */,
				BBD75FAA1B3D018D002B0E73 /* UIImageView+LBBlurredImage.m in Sources */,
				BB9530171B32788800CFC0B8 /* RootVC.m in Sources */,
				BB9530241B33C93D00CFC0B8 /* GDFSlideController.m in Sources */,
				BB9F69A91B316FF2000C3EB5 /* GDFSearchBar.m in Sources */,
				BBB67FB61B4E623100A99B7C /* BDMapVC.m in Sources */,
				BB9F69591B2EB311000C3EB5 /* AppDelegate.mm in Sources */,
				BB95301A1B3279F000CFC0B8 /* GDFBaseVC.m in Sources */,
				D7B20F3D1B3AF26E00AECD72 /* TableViewCell.m in Sources */,
				BB9F69561B2EB311000C3EB5 /* main.m in Sources */,
				BB6BB3F21B3941B60089BB7A /* LeftVC.m in Sources */,
				BBD75FA71B3CFF94002B0E73 /* UIView+MaterialDesign.m in Sources */,
			);
			runOnlyForDeploymentPostprocessing = 0;
		};
/* End PBXSourcesBuildPhase section */

/* Begin XCBuildConfiguration section */
		BB9F697C1B2EB312000C3EB5 /* Debug */ = {
			isa = XCBuildConfiguration;
			buildSettings = {
				ALWAYS_SEARCH_USER_PATHS = NO;
				CLANG_CXX_LANGUAGE_STANDARD = "gnu++0x";
				CLANG_CXX_LIBRARY = "libc++";
				CLANG_ENABLE_MODULES = YES;
				CLANG_ENABLE_OBJC_ARC = YES;
				CLANG_WARN_BOOL_CONVERSION = YES;
				CLANG_WARN_CONSTANT_CONVERSION = YES;
				CLANG_WARN_DIRECT_OBJC_ISA_USAGE = YES_ERROR;
				CLANG_WARN_EMPTY_BODY = YES;
				CLANG_WARN_ENUM_CONVERSION = YES;
				CLANG_WARN_INT_CONVERSION = YES;
				CLANG_WARN_OBJC_ROOT_CLASS = YES_ERROR;
				CLANG_WARN_UNREACHABLE_CODE = YES;
				CLANG_WARN__DUPLICATE_METHOD_MATCH = YES;
				"CODE_SIGN_IDENTITY[sdk=iphoneos*]" = "iPhone Developer";
				COPY_PHASE_STRIP = NO;
				DEBUG_INFORMATION_FORMAT = dwarf;
				ENABLE_STRICT_OBJC_MSGSEND = YES;
				ENABLE_TESTABILITY = YES;
				GCC_C_LANGUAGE_STANDARD = gnu99;
				GCC_DYNAMIC_NO_PIC = NO;
				GCC_NO_COMMON_BLOCKS = YES;
				GCC_OPTIMIZATION_LEVEL = 0;
				GCC_PREPROCESSOR_DEFINITIONS = (
					"DEBUG=1",
					"$(inherited)",
				);
				GCC_WARN_64_TO_32_BIT_CONVERSION = YES;
				GCC_WARN_ABOUT_RETURN_TYPE = YES_ERROR;
				GCC_WARN_UNDECLARED_SELECTOR = YES;
				GCC_WARN_UNINITIALIZED_AUTOS = YES_AGGRESSIVE;
				GCC_WARN_UNUSED_FUNCTION = YES;
				GCC_WARN_UNUSED_VARIABLE = YES;
				IPHONEOS_DEPLOYMENT_TARGET = 9.0;
				MTL_ENABLE_DEBUG_INFO = YES;
				ONLY_ACTIVE_ARCH = YES;
				SDKROOT = iphoneos;
				TARGETED_DEVICE_FAMILY = "1,2";
			};
			name = Debug;
		};
		BB9F697D1B2EB312000C3EB5 /* Release */ = {
			isa = XCBuildConfiguration;
			buildSettings = {
				ALWAYS_SEARCH_USER_PATHS = NO;
				CLANG_CXX_LANGUAGE_STANDARD = "gnu++0x";
				CLANG_CXX_LIBRARY = "libc++";
				CLANG_ENABLE_MODULES = YES;
				CLANG_ENABLE_OBJC_ARC = YES;
				CLANG_WARN_BOOL_CONVERSION = YES;
				CLANG_WARN_CONSTANT_CONVERSION = YES;
				CLANG_WARN_DIRECT_OBJC_ISA_USAGE = YES_ERROR;
				CLANG_WARN_EMPTY_BODY = YES;
				CLANG_WARN_ENUM_CONVERSION = YES;
				CLANG_WARN_INT_CONVERSION = YES;
				CLANG_WARN_OBJC_ROOT_CLASS = YES_ERROR;
				CLANG_WARN_UNREACHABLE_CODE = YES;
				CLANG_WARN__DUPLICATE_METHOD_MATCH = YES;
				"CODE_SIGN_IDENTITY[sdk=iphoneos*]" = "iPhone Developer";
				COPY_PHASE_STRIP = NO;
				DEBUG_INFORMATION_FORMAT = "dwarf-with-dsym";
				ENABLE_NS_ASSERTIONS = NO;
				ENABLE_STRICT_OBJC_MSGSEND = YES;
				GCC_C_LANGUAGE_STANDARD = gnu99;
				GCC_NO_COMMON_BLOCKS = YES;
				GCC_WARN_64_TO_32_BIT_CONVERSION = YES;
				GCC_WARN_ABOUT_RETURN_TYPE = YES_ERROR;
				GCC_WARN_UNDECLARED_SELECTOR = YES;
				GCC_WARN_UNINITIALIZED_AUTOS = YES_AGGRESSIVE;
				GCC_WARN_UNUSED_FUNCTION = YES;
				GCC_WARN_UNUSED_VARIABLE = YES;
				IPHONEOS_DEPLOYMENT_TARGET = 9.0;
				MTL_ENABLE_DEBUG_INFO = NO;
				SDKROOT = iphoneos;
				TARGETED_DEVICE_FAMILY = "1,2";
				VALIDATE_PRODUCT = YES;
			};
			name = Release;
		};
		BB9F697F1B2EB312000C3EB5 /* Debug */ = {
			isa = XCBuildConfiguration;
			buildSettings = {
				ASSETCATALOG_COMPILER_APPICON_NAME = AppIcon;
				CLANG_CXX_LANGUAGE_STANDARD = "compiler-default";
				CLANG_CXX_LIBRARY = "compiler-default";
				CLANG_WARN_DOCUMENTATION_COMMENTS = YES;
				CODE_SIGN_IDENTITY = "iPhone Developer: DeNA IOSGroup (MUZ8FY28QK)";
				FRAMEWORK_SEARCH_PATHS = "$(PROJECT_DIR)/Frameworks&Bundles";
				GCC_PREFIX_HEADER = GDFamily/GDF.pch;
				INFOPLIST_FILE = GDFamily/Info.plist;
				IPHONEOS_DEPLOYMENT_TARGET = 6.0;
				LD_RUNPATH_SEARCH_PATHS = "$(inherited) @executable_path/Frameworks";
				OTHER_LDFLAGS = "-ObjC";
				PRODUCT_BUNDLE_IDENTIFIER = com.silverup.GDFamily;
				PRODUCT_NAME = "$(TARGET_NAME)";
				PROVISIONING_PROFILE = "bc95ef88-db49-4d90-8568-f0444757a66e";
			};
			name = Debug;
		};
		BB9F69801B2EB312000C3EB5 /* Release */ = {
			isa = XCBuildConfiguration;
			buildSettings = {
				ASSETCATALOG_COMPILER_APPICON_NAME = AppIcon;
				CLANG_CXX_LANGUAGE_STANDARD = "compiler-default";
				CLANG_CXX_LIBRARY = "compiler-default";
				CLANG_WARN_DOCUMENTATION_COMMENTS = YES;
				FRAMEWORK_SEARCH_PATHS = "$(PROJECT_DIR)/Frameworks&Bundles";
				GCC_PREFIX_HEADER = GDFamily/GDF.pch;
				INFOPLIST_FILE = GDFamily/Info.plist;
				IPHONEOS_DEPLOYMENT_TARGET = 6.0;
				LD_RUNPATH_SEARCH_PATHS = "$(inherited) @executable_path/Frameworks";
				OTHER_LDFLAGS = "-ObjC";
				PRODUCT_BUNDLE_IDENTIFIER = com.silverup.GDFamily;
				PRODUCT_NAME = "$(TARGET_NAME)";
				PROVISIONING_PROFILE = "bc95ef88-db49-4d90-8568-f0444757a66e";
			};
			name = Release;
		};
/* End XCBuildConfiguration section */

/* Begin XCConfigurationList section */
		BB9F694C1B2EB311000C3EB5 /* Build configuration list for PBXProject "GDFamily" */ = {
			isa = XCConfigurationList;
			buildConfigurations = (
				BB9F697C1B2EB312000C3EB5 /* Debug */,
				BB9F697D1B2EB312000C3EB5 /* Release */,
			);
			defaultConfigurationIsVisible = 0;
			defaultConfigurationName = Release;
		};
		BB9F697E1B2EB312000C3EB5 /* Build configuration list for PBXNativeTarget "GDFamily" */ = {
			isa = XCConfigurationList;
			buildConfigurations = (
				BB9F697F1B2EB312000C3EB5 /* Debug */,
				BB9F69801B2EB312000C3EB5 /* Release */,
			);
			defaultConfigurationIsVisible = 0;
			defaultConfigurationName = Release;
		};
/* End XCConfigurationList section */
	};
	rootObject = BB9F69491B2EB311000C3EB5 /* Project object */;
}
